
Microsoft Visual Studio Solution File, Format Version 12.00
Project("{FAE04EC0-301F-11D3-BF4B-00C04F79EFBC}") = "CakeBuild", "CakeBuild\CakeBuild.csproj", "{2C774B24-E3EF-4B84-92E2-A2A3AD323E76}"
EndProject
Project("{FAE04EC0-301F-11D3-BF4B-00C04F79EFBC}") = "Electricity", "Electricity\Electricity.csproj", "{CD8A2AF4-B03F-4FD0-B9AF-676AADE35409}"
EndProject
Global
	GlobalSection(SolutionConfigurationPlatforms) = preSolution
		Debug|Any CPU = Debug|Any CPU
		Release|Any CPU = Release|Any CPU
	EndGlobalSection
	GlobalSection(ProjectConfigurationPlatforms) = postSolution
		{2C774B24-E3EF-4B84-92E2-A2A3AD323E76}.Debug|Any CPU.ActiveCfg = Debug|Any CPU
		{2C774B24-E3EF-4B84-92E2-A2A3AD323E76}.Debug|Any CPU.Build.0 = Debug|Any CPU
		{2C774B24-E3EF-4B84-92E2-A2A3AD323E76}.Release|Any CPU.ActiveCfg = Release|Any CPU
		{2C774B24-E3EF-4B84-92E2-A2A3AD323E76}.Release|Any CPU.Build.0 = Release|Any CPU
		{CD8A2AF4-B03F-4FD0-B9AF-676AADE35409}.Debug|Any CPU.ActiveCfg = Debug|Any CPU
		{CD8A2AF4-B03F-4FD0-B9AF-676AADE35409}.Debug|Any CPU.Build.0 = Debug|Any CPU
		{CD8A2AF4-B03F-4FD0-B9AF-676AADE35409}.Release|Any CPU.ActiveCfg = Release|Any CPU
		{CD8A2AF4-B03F-4FD0-B9AF-676AADE35409}.Release|Any CPU.Build.0 = Release|Any CPU
	EndGlobalSection
EndGlobal
